
Microsoft Visual Studio Solution File, Format Version 12.00
# Visual Studio Version 17
VisualStudioVersion = 17.13.35825.156 d17.13
MinimumVisualStudioVersion = 10.0.40219.1
Project("{FAE04EC0-301F-11D3-BF4B-00C04F79EFBC}") = "lab 1", "lab 1.csproj", "{C008D894-81B1-45FE-9974-AB0936D04BD1}"
EndProject
Global
	GlobalSection(SolutionConfigurationPlatforms) = preSolution
		Debug|Any CPU = Debug|Any CPU
		Release|Any CPU = Release|Any CPU
	EndGlobalSection
	GlobalSection(ProjectConfigurationPlatforms) = postSolution
		{C008D894-81B1-45FE-9974-AB0936D04BD1}.Debug|Any CPU.ActiveCfg = Debug|Any CPU
		{C008D894-81B1-45FE-9974-AB0936D04BD1}.Debug|Any CPU.Build.0 = Debug|Any CPU
		{C008D894-81B1-45FE-9974-AB0936D04BD1}.Release|Any CPU.ActiveCfg = Release|Any CPU
		{C008D894-81B1-45FE-9974-AB0936D04BD1}.Release|Any CPU.Build.0 = Release|Any CPU
	EndGlobalSection
	GlobalSection(SolutionProperties) = preSolution
		HideSolutionNode = FALSE
	EndGlobalSection
	GlobalSection(ExtensibilityGlobals) = postSolution
		SolutionGuid = {1CBCC5A6-1E7D-47DD-9DB1-D30C0F169F95}
	EndGlobalSection
EndGlobal
